// !$*UTF8*$!
{
	archiveVersion = 1;
	classes = {
	};
	objectVersion = 56;
	objects = {

/* Begin PBXBuildFile section */
		DBB6BDE52C79FE2500454379 /* UBER_EatsApp.swift in Sources */ = {isa = PBXBuildFile; fileRef = DBB6BDE42C79FE2500454379 /* UBER_EatsApp.swift */; };
		DBB6BDE72C79FE2500454379 /* ContentView.swift in Sources */ = {isa = PBXBuildFile; fileRef = DBB6BDE62C79FE2500454379 /* ContentView.swift */; };
		DBB6BDE92C79FE2700454379 /* Assets.xcassets in Resources */ = {isa = PBXBuildFile; fileRef = DBB6BDE82C79FE2700454379 /* Assets.xcassets */; };
		DBB6BDEC2C79FE2700454379 /* Preview Assets.xcassets in Resources */ = {isa = PBXBuildFile; fileRef = DBB6BDEB2C79FE2700454379 /* Preview Assets.xcassets */; };
		DBB6BDF32C7A00EE00454379 /* MenuBarOptions.swift in Sources */ = {isa = PBXBuildFile; fileRef = DBB6BDF22C7A00EE00454379 /* MenuBarOptions.swift */; };
		DBB6BDF52C7A024000454379 /* MenuOptionsList.swift in Sources */ = {isa = PBXBuildFile; fileRef = DBB6BDF42C7A024000454379 /* MenuOptionsList.swift */; };
		DBB6BDF72C7A070F00454379 /* MenuItemSection.swift in Sources */ = {isa = PBXBuildFile; fileRef = DBB6BDF62C7A070F00454379 /* MenuItemSection.swift */; };
		DBB6BDFD2C7A089200454379 /* FoodItem.swift in Sources */ = {isa = PBXBuildFile; fileRef = DBB6BDFC2C7A089200454379 /* FoodItem.swift */; };
		DBB6BDFF2C7A577600454379 /* OffsetKey.swift in Sources */ = {isa = PBXBuildFile; fileRef = DBB6BDFE2C7A577600454379 /* OffsetKey.swift */; };
		DBB6BE012C7A57A700454379 /* OffsetModifier.swift in Sources */ = {isa = PBXBuildFile; fileRef = DBB6BE002C7A57A700454379 /* OffsetModifier.swift */; };
/* End PBXBuildFile section */

/* Begin PBXFileReference section */
		DBB6BDE12C79FE2500454379 /* UBER-Eats.app */ = {isa = PBXFileReference; explicitFileType = wrapper.application; includeInIndex = 0; path = "UBER-Eats.app"; sourceTree = BUILT_PRODUCTS_DIR; };
		DBB6BDE42C79FE2500454379 /* UBER_EatsApp.swift */ = {isa = PBXFileReference; lastKnownFileType = sourcecode.swift; path = UBER_EatsApp.swift; sourceTree = "<group>"; };
		DBB6BDE62C79FE2500454379 /* ContentView.swift */ = {isa = PBXFileReference; lastKnownFileType = sourcecode.swift; path = ContentView.swift; sourceTree = "<group>"; };
		DBB6BDE82C79FE2700454379 /* Assets.xcassets */ = {isa = PBXFileReference; lastKnownFileType = folder.assetcatalog; path = Assets.xcassets; sourceTree = "<group>"; };
		DBB6BDEB2C79FE2700454379 /* Preview Assets.xcassets */ = {isa = PBXFileReference; lastKnownFileType = folder.assetcatalog; path = "Preview Assets.xcassets"; sourceTree = "<group>"; };
		DBB6BDF22C7A00EE00454379 /* MenuBarOptions.swift */ = {isa = PBXFileReference; lastKnownFileType = sourcecode.swift; path = MenuBarOptions.swift; sourceTree = "<group>"; };
		DBB6BDF42C7A024000454379 /* MenuOptionsList.swift */ = {isa = PBXFileReference; lastKnownFileType = sourcecode.swift; path = MenuOptionsList.swift; sourceTree = "<group>"; };
		DBB6BDF62C7A070F00454379 /* MenuItemSection.swift */ = {isa = PBXFileReference; lastKnownFileType = sourcecode.swift; path = MenuItemSection.swift; sourceTree = "<group>"; };
		DBB6BDFC2C7A089200454379 /* FoodItem.swift */ = {isa = PBXFileReference; lastKnownFileType = sourcecode.swift; path = FoodItem.swift; sourceTree = "<group>"; };
		DBB6BDFE2C7A577600454379 /* OffsetKey.swift */ = {isa = PBXFileReference; lastKnownFileType = sourcecode.swift; path = OffsetKey.swift; sourceTree = "<group>"; };
		DBB6BE002C7A57A700454379 /* OffsetModifier.swift */ = {isa = PBXFileReference; lastKnownFileType = sourcecode.swift; path = OffsetModifier.swift; sourceTree = "<group>"; };
/* End PBXFileReference section */

/* Begin PBXFrameworksBuildPhase section */
		DBB6BDDE2C79FE2500454379 /* Frameworks */ = {
			isa = PBXFrameworksBuildPhase;
			buildActionMask = 2147483647;
			files = (
			);
			runOnlyForDeploymentPostprocessing = 0;
		};
/* End PBXFrameworksBuildPhase section */

/* Begin PBXGroup section */
		DBB6BDD82C79FE2500454379 = {
			isa = PBXGroup;
			children = (
				DBB6BDE32C79FE2500454379 /* UBER-Eats */,
				DBB6BDE22C79FE2500454379 /* Products */,
			);
			sourceTree = "<group>";
		};
		DBB6BDE22C79FE2500454379 /* Products */ = {
			isa = PBXGroup;
			children = (
				DBB6BDE12C79FE2500454379 /* UBER-Eats.app */,
			);
			name = Products;
			sourceTree = "<group>";
		};
		DBB6BDE32C79FE2500454379 /* UBER-Eats */ = {
			isa = PBXGroup;
			children = (
				DBB6BDE42C79FE2500454379 /* UBER_EatsApp.swift */,
				DBB6BDE62C79FE2500454379 /* ContentView.swift */,
				DBB6BDF62C7A070F00454379 /* MenuItemSection.swift */,
				DBB6BDFC2C7A089200454379 /* FoodItem.swift */,
				DBB6BDF42C7A024000454379 /* MenuOptionsList.swift */,
				DBB6BDF22C7A00EE00454379 /* MenuBarOptions.swift */,
				DBB6BDFE2C7A577600454379 /* OffsetKey.swift */,
				DBB6BE002C7A57A700454379 /* OffsetModifier.swift */,
				DBB6BDE82C79FE2700454379 /* Assets.xcassets */,
				DBB6BDEA2C79FE2700454379 /* Preview Content */,
			);
			path = "UBER-Eats";
			sourceTree = "<group>";
		};
		DBB6BDEA2C79FE2700454379 /* Preview Content */ = {
			isa = PBXGroup;
			children = (
				DBB6BDEB2C79FE2700454379 /* Preview Assets.xcassets */,
			);
			path = "Preview Content";
			sourceTree = "<group>";
		};
/* End PBXGroup section */

/* Begin PBXNativeTarget section */
		DBB6BDE02C79FE2500454379 /* UBER-Eats */ = {
			isa = PBXNativeTarget;
			buildConfigurationList = DBB6BDEF2C79FE2700454379 /* Build configuration list for PBXNativeTarget "UBER-Eats" */;
			buildPhases = (
				DBB6BDDD2C79FE2500454379 /* Sources */,
				DBB6BDDE2C79FE2500454379 /* Frameworks */,
				DBB6BDDF2C79FE2500454379 /* Resources */,
			);
			buildRules = (
			);
			dependencies = (
			);
			name = "UBER-Eats";
			productName = "UBER-Eats";
			productReference = DBB6BDE12C79FE2500454379 /* UBER-Eats.app */;
			productType = "com.apple.product-type.application";
		};
/* End PBXNativeTarget section */

/* Begin PBXProject section */
		DBB6BDD92C79FE2500454379 /* Project object */ = {
			isa = PBXProject;
			attributes = {
				BuildIndependentTargetsInParallel = 1;
				LastSwiftUpdateCheck = 1540;
				LastUpgradeCheck = 1540;
				TargetAttributes = {
					DBB6BDE02C79FE2500454379 = {
						CreatedOnToolsVersion = 15.4;
					};
				};
			};
			buildConfigurationList = DBB6BDDC2C79FE2500454379 /* Build configuration list for PBXProject "UBER-Eats" */;
			compatibilityVersion = "Xcode 14.0";
			developmentRegion = en;
			hasScannedForEncodings = 0;
			knownRegions = (
				en,
				Base,
			);
			mainGroup = DBB6BDD82C79FE2500454379;
			productRefGroup = DBB6BDE22C79FE2500454379 /* Products */;
			projectDirPath = "";
			projectRoot = "";
			targets = (
				DBB6BDE02C79FE2500454379 /* UBER-Eats */,
			);
		};
/* End PBXProject section */

/* Begin PBXResourcesBuildPhase section */
		DBB6BDDF2C79FE2500454379 /* Resources */ = {
			isa = PBXResourcesBuildPhase;
			buildActionMask = 2147483647;
			files = (
				DBB6BDEC2C79FE2700454379 /* Preview Assets.xcassets in Resources */,
				DBB6BDE92C79FE2700454379 /* Assets.xcassets in Resources */,
			);
			runOnlyForDeploymentPostprocessing = 0;
		};
/* End PBXResourcesBuildPhase section */

/* Begin PBXSourcesBuildPhase section */
		DBB6BDDD2C79FE2500454379 /* Sources */ = {
			isa = PBXSourcesBuildPhase;
			buildActionMask = 2147483647;
			files = (
				DBB6BDE72C79FE2500454379 /* ContentView.swift in Sources */,
				DBB6BDF52C7A024000454379 /* MenuOptionsList.swift in Sources */,
				DBB6BDE52C79FE2500454379 /* UBER_EatsApp.swift in Sources */,
				DBB6BDFF2C7A577600454379 /* OffsetKey.swift in Sources */,
				DBB6BDF72C7A070F00454379 /* MenuItemSection.swift in Sources */,
				DBB6BE012C7A57A700454379 /* OffsetModifier.swift in Sources */,
				DBB6BDFD2C7A089200454379 /* FoodItem.swift in Sources */,
				DBB6BDF32C7A00EE00454379 /* MenuBarOptions.swift in Sources */,
			);
			runOnlyForDeploymentPostprocessing = 0;
		};
/* End PBXSourcesBuildPhase section */

/* Begin XCBuildConfiguration section */
		DBB6BDED2C79FE2700454379 /* Debug */ = {
			isa = XCBuildConfiguration;
			buildSettings = {
				ALWAYS_SEARCH_USER_PATHS = NO;
				ASSETCATALOG_COMPILER_GENERATE_SWIFT_ASSET_SYMBOL_EXTENSIONS = YES;
				CLANG_ANALYZER_NONNULL = YES;
				CLANG_ANALYZER_NUMBER_OBJECT_CONVERSION = YES_AGGRESSIVE;
				CLANG_CXX_LANGUAGE_STANDARD = "gnu++20";
				CLANG_ENABLE_MODULES = YES;
				CLANG_ENABLE_OBJC_ARC = YES;
				CLANG_ENABLE_OBJC_WEAK = YES;
				CLANG_WARN_BLOCK_CAPTURE_AUTORELEASING = YES;
				CLANG_WARN_BOOL_CONVERSION = YES;
				CLANG_WARN_COMMA = YES;
				CLANG_WARN_CONSTANT_CONVERSION = YES;
				CLANG_WARN_DEPRECATED_OBJC_IMPLEMENTATIONS = YES;
				CLANG_WARN_DIRECT_OBJC_ISA_USAGE = YES_ERROR;
				CLANG_WARN_DOCUMENTATION_COMMENTS = YES;
				CLANG_WARN_EMPTY_BODY = YES;
				CLANG_WARN_ENUM_CONVERSION = YES;
				CLANG_WARN_INFINITE_RECURSION = YES;
				CLANG_WARN_INT_CONVERSION = YES;
				CLANG_WARN_NON_LITERAL_NULL_CONVERSION = YES;
				CLANG_WARN_OBJC_IMPLICIT_RETAIN_SELF = YES;
				CLANG_WARN_OBJC_LITERAL_CONVERSION = YES;
				CLANG_WARN_OBJC_ROOT_CLASS = YES_ERROR;
				CLANG_WARN_QUOTED_INCLUDE_IN_FRAMEWORK_HEADER = YES;
				CLANG_WARN_RANGE_LOOP_ANALYSIS = YES;
				CLANG_WARN_STRICT_PROTOTYPES = YES;
				CLANG_WARN_SUSPICIOUS_MOVE = YES;
				CLANG_WARN_UNGUARDED_AVAILABILITY = YES_AGGRESSIVE;
				CLANG_WARN_UNREACHABLE_CODE = YES;
				CLANG_WARN__DUPLICATE_METHOD_MATCH = YES;
				COPY_PHASE_STRIP = NO;
				DEBUG_INFORMATION_FORMAT = dwarf;
				ENABLE_STRICT_OBJC_MSGSEND = YES;
				ENABLE_TESTABILITY = YES;
				ENABLE_USER_SCRIPT_SANDBOXING = YES;
				GCC_C_LANGUAGE_STANDARD = gnu17;
				GCC_DYNAMIC_NO_PIC = NO;
				GCC_NO_COMMON_BLOCKS = YES;
				GCC_OPTIMIZATION_LEVEL = 0;
				GCC_PREPROCESSOR_DEFINITIONS = (
					"DEBUG=1",
					"$(inherited)",
				);
				GCC_WARN_64_TO_32_BIT_CONVERSION = YES;
				GCC_WARN_ABOUT_RETURN_TYPE = YES_ERROR;
				GCC_WARN_UNDECLARED_SELECTOR = YES;
				GCC_WARN_UNINITIALIZED_AUTOS = YES_AGGRESSIVE;
				GCC_WARN_UNUSED_FUNCTION = YES;
				GCC_WARN_UNUSED_VARIABLE = YES;
				IPHONEOS_DEPLOYMENT_TARGET = 17.5;
				LOCALIZATION_PREFERS_STRING_CATALOGS = YES;
				MTL_ENABLE_DEBUG_INFO = INCLUDE_SOURCE;
				MTL_FAST_MATH = YES;
				ONLY_ACTIVE_ARCH = YES;
				SDKROOT = iphoneos;
				SWIFT_ACTIVE_COMPILATION_CONDITIONS = "DEBUG $(inherited)";
				SWIFT_OPTIMIZATION_LEVEL = "-Onone";
			};
			name = Debug;
		};
		DBB6BDEE2C79FE2700454379 /* Release */ = {
			isa = XCBuildConfiguration;
			buildSettings = {
				ALWAYS_SEARCH_USER_PATHS = NO;
				ASSETCATALOG_COMPILER_GENERATE_SWIFT_ASSET_SYMBOL_EXTENSIONS = YES;
				CLANG_ANALYZER_NONNULL = YES;
				CLANG_ANALYZER_NUMBER_OBJECT_CONVERSION = YES_AGGRESSIVE;
				CLANG_CXX_LANGUAGE_STANDARD = "gnu++20";
				CLANG_ENABLE_MODULES = YES;
				CLANG_ENABLE_OBJC_ARC = YES;
				CLANG_ENABLE_OBJC_WEAK = YES;
				CLANG_WARN_BLOCK_CAPTURE_AUTORELEASING = YES;
				CLANG_WARN_BOOL_CONVERSION = YES;
				CLANG_WARN_COMMA = YES;
				CLANG_WARN_CONSTANT_CONVERSION = YES;
				CLANG_WARN_DEPRECATED_OBJC_IMPLEMENTATIONS = YES;
				CLANG_WARN_DIRECT_OBJC_ISA_USAGE = YES_ERROR;
				CLANG_WARN_DOCUMENTATION_COMMENTS = YES;
				CLANG_WARN_EMPTY_BODY = YES;
				CLANG_WARN_ENUM_CONVERSION = YES;
				CLANG_WARN_INFINITE_RECURSION = YES;
				CLANG_WARN_INT_CONVERSION = YES;
				CLANG_WARN_NON_LITERAL_NULL_CONVERSION = YES;
				CLANG_WARN_OBJC_IMPLICIT_RETAIN_SELF = YES;
				CLANG_WARN_OBJC_LITERAL_CONVERSION = YES;
				CLANG_WARN_OBJC_ROOT_CLASS = YES_ERROR;
				CLANG_WARN_QUOTED_INCLUDE_IN_FRAMEWORK_HEADER = YES;
				CLANG_WARN_RANGE_LOOP_ANALYSIS = YES;
				CLANG_WARN_STRICT_PROTOTYPES = YES;
				CLANG_WARN_SUSPICIOUS_MOVE = YES;
				CLANG_WARN_UNGUARDED_AVAILABILITY = YES_AGGRESSIVE;
				CLANG_WARN_UNREACHABLE_CODE = YES;
				CLANG_WARN__DUPLICATE_METHOD_MATCH = YES;
				COPY_PHASE_STRIP = NO;
				DEBUG_INFORMATION_FORMAT = "dwarf-with-dsym";
				ENABLE_NS_ASSERTIONS = NO;
				ENABLE_STRICT_OBJC_MSGSEND = YES;
				ENABLE_USER_SCRIPT_SANDBOXING = YES;
				GCC_C_LANGUAGE_STANDARD = gnu17;
				GCC_NO_COMMON_BLOCKS = YES;
				GCC_WARN_64_TO_32_BIT_CONVERSION = YES;
				GCC_WARN_ABOUT_RETURN_TYPE = YES_ERROR;
				GCC_WARN_UNDECLARED_SELECTOR = YES;
				GCC_WARN_UNINITIALIZED_AUTOS = YES_AGGRESSIVE;
				GCC_WARN_UNUSED_FUNCTION = YES;
				GCC_WARN_UNUSED_VARIABLE = YES;
				IPHONEOS_DEPLOYMENT_TARGET = 17.5;
				LOCALIZATION_PREFERS_STRING_CATALOGS = YES;
				MTL_ENABLE_DEBUG_INFO = NO;
				MTL_FAST_MATH = YES;
				SDKROOT = iphoneos;
				SWIFT_COMPILATION_MODE = wholemodule;
				VALIDATE_PRODUCT = YES;
			};
			name = Release;
		};
		DBB6BDF02C79FE2700454379 /* Debug */ = {
			isa = XCBuildConfiguration;
			buildSettings = {
				ASSETCATALOG_COMPILER_APPICON_NAME = AppIcon;
				ASSETCATALOG_COMPILER_GLOBAL_ACCENT_COLOR_NAME = AccentColor;
				CODE_SIGN_STYLE = Automatic;
				CURRENT_PROJECT_VERSION = 1;
				DEVELOPMENT_ASSET_PATHS = "\"UBER-Eats/Preview Content\"";
				DEVELOPMENT_TEAM = 59GT5HRUK6;
				ENABLE_PREVIEWS = YES;
				GENERATE_INFOPLIST_FILE = YES;
				INFOPLIST_KEY_UIApplicationSceneManifest_Generation = YES;
				INFOPLIST_KEY_UIApplicationSupportsIndirectInputEvents = YES;
				INFOPLIST_KEY_UILaunchScreen_Generation = YES;
				INFOPLIST_KEY_UISupportedInterfaceOrientations_iPad = "UIInterfaceOrientationPortrait UIInterfaceOrientationPortraitUpsideDown UIInterfaceOrientationLandscapeLeft UIInterfaceOrientationLandscapeRight";
				INFOPLIST_KEY_UISupportedInterfaceOrientations_iPhone = "UIInterfaceOrientationPortrait UIInterfaceOrientationLandscapeLeft UIInterfaceOrientationLandscapeRight";
				LD_RUNPATH_SEARCH_PATHS = (
					"$(inherited)",
					"@executable_path/Frameworks",
				);
				MARKETING_VERSION = 1.0;
				PRODUCT_BUNDLE_IDENTIFIER = "home.UBER-Eats";
				PRODUCT_NAME = "$(TARGET_NAME)";
				SWIFT_EMIT_LOC_STRINGS = YES;
				SWIFT_VERSION = 5.0;
				TARGETED_DEVICE_FAMILY = "1,2";
			};
			name = Debug;
		};
		DBB6BDF12C79FE2700454379 /* Release */ = {
			isa = XCBuildConfiguration;
			buildSettings = {
				ASSETCATALOG_COMPILER_APPICON_NAME = AppIcon;
				ASSETCATALOG_COMPILER_GLOBAL_ACCENT_COLOR_NAME = AccentColor;
				CODE_SIGN_STYLE = Automatic;
				CURRENT_PROJECT_VERSION = 1;
				DEVELOPMENT_ASSET_PATHS = "\"UBER-Eats/Preview Content\"";
				DEVELOPMENT_TEAM = 59GT5HRUK6;
				ENABLE_PREVIEWS = YES;
				GENERATE_INFOPLIST_FILE = YES;
				INFOPLIST_KEY_UIApplicationSceneManifest_Generation = YES;
				INFOPLIST_KEY_UIApplicationSupportsIndirectInputEvents = YES;
				INFOPLIST_KEY_UILaunchScreen_Generation = YES;
				INFOPLIST_KEY_UISupportedInterfaceOrientations_iPad = "UIInterfaceOrientationPortrait UIInterfaceOrientationPortraitUpsideDown UIInterfaceOrientationLandscapeLeft UIInterfaceOrientationLandscapeRight";
				INFOPLIST_KEY_UISupportedInterfaceOrientations_iPhone = "UIInterfaceOrientationPortrait UIInterfaceOrientationLandscapeLeft UIInterfaceOrientationLandscapeRight";
				LD_RUNPATH_SEARCH_PATHS = (
					"$(inherited)",
					"@executable_path/Frameworks",
				);
				MARKETING_VERSION = 1.0;
				PRODUCT_BUNDLE_IDENTIFIER = "home.UBER-Eats";
				PRODUCT_NAME = "$(TARGET_NAME)";
				SWIFT_EMIT_LOC_STRINGS = YES;
				SWIFT_VERSION = 5.0;
				TARGETED_DEVICE_FAMILY = "1,2";
			};
			name = Release;
		};
/* End XCBuildConfiguration section */

/* Begin XCConfigurationList section */
		DBB6BDDC2C79FE2500454379 /* Build configuration list for PBXProject "UBER-Eats" */ = {
			isa = XCConfigurationList;
			buildConfigurations = (
				DBB6BDED2C79FE2700454379 /* Debug */,
				DBB6BDEE2C79FE2700454379 /* Release */,
			);
			defaultConfigurationIsVisible = 0;
			defaultConfigurationName = Release;
		};
		DBB6BDEF2C79FE2700454379 /* Build configuration list for PBXNativeTarget "UBER-Eats" */ = {
			isa = XCConfigurationList;
			buildConfigurations = (
				DBB6BDF02C79FE2700454379 /* Debug */,
				DBB6BDF12C79FE2700454379 /* Release */,
			);
			defaultConfigurationIsVisible = 0;
			defaultConfigurationName = Release;
		};
/* End XCConfigurationList section */
	};
	rootObject = DBB6BDD92C79FE2500454379 /* Project object */;
}
